{
  "name": "is-negative",
  "version": "1.0.0",
  "lockfileVersion": 1,
  "requires": true,
  "dependencies": {
    "negative-infinity": {
      "version": "1.0.0",
      "resolved": "https://registry.npmjs.org/negative-infinity/-/negative-infinity-1.0.0.tgz",
      "integrity": "sha512-3MAiEsHzLyEeprRV+VEqH7mV3b9wlHSwFdCkGhBOmtEUKF7lz/zwYzVS4pTxE3T/juHQ66WtMI3lqmCQjXfITA=="
    },
    "negative-zero": {
      "version": "2.0.0",
      "resolved": "https://registry.npmjs.org/negative-zero/-/negative-zero-2.0.0.tgz",
      "integrity": "sha1-7jAaowFLQBgJFqGeN3kqN1ZwhVc="
    }
  }
}
